
Microsoft Visual Studio Solution File, Format Version 12.00
# Visual Studio Version 17
VisualStudioVersion = 17.1.32414.318
MinimumVisualStudioVersion = 10.0.40219.1
Project("{9A19103F-16F7-4668-BE54-9A1E7A4F7556}") = "DnDCore", "DnDCore\DnDCore.csproj", "{C1FA4081-58C8-42F8-AC98-F5E8B7AD92DC}"
EndProject
Project("{FAE04EC0-301F-11D3-BF4B-00C04F79EFBC}") = "DnDCore.Tests", "DnDCore.Tests\DnDCore.Tests.csproj", "{1B686044-A1D3-4642-BC4D-E99BB8DBEB0D}"
EndProject
Global
	GlobalSection(SolutionConfigurationPlatforms) = preSolution
		Debug|Any CPU = Debug|Any CPU
		Release|Any CPU = Release|Any CPU
	EndGlobalSection
	GlobalSection(ProjectConfigurationPlatforms) = postSolution
		{C1FA4081-58C8-42F8-AC98-F5E8B7AD92DC}.Debug|Any CPU.ActiveCfg = Debug|Any CPU
		{C1FA4081-58C8-42F8-AC98-F5E8B7AD92DC}.Debug|Any CPU.Build.0 = Debug|Any CPU
		{C1FA4081-58C8-42F8-AC98-F5E8B7AD92DC}.Release|Any CPU.ActiveCfg = Release|Any CPU
		{C1FA4081-58C8-42F8-AC98-F5E8B7AD92DC}.Release|Any CPU.Build.0 = Release|Any CPU
		{1B686044-A1D3-4642-BC4D-E99BB8DBEB0D}.Debug|Any CPU.ActiveCfg = Debug|Any CPU
		{1B686044-A1D3-4642-BC4D-E99BB8DBEB0D}.Debug|Any CPU.Build.0 = Debug|Any CPU
		{1B686044-A1D3-4642-BC4D-E99BB8DBEB0D}.Release|Any CPU.ActiveCfg = Release|Any CPU
		{1B686044-A1D3-4642-BC4D-E99BB8DBEB0D}.Release|Any CPU.Build.0 = Release|Any CPU
	EndGlobalSection
	GlobalSection(SolutionProperties) = preSolution
		HideSolutionNode = FALSE
	EndGlobalSection
	GlobalSection(ExtensibilityGlobals) = postSolution
		SolutionGuid = {564C969A-CBE4-4BA4-9FB3-3D154E39BEFA}
	EndGlobalSection
EndGlobal
